
Microsoft Visual Studio Solution File, Format Version 12.00
# Visual Studio Version 17
VisualStudioVersion = 17.6.33815.320
MinimumVisualStudioVersion = 10.0.40219.1
Project("{FAE04EC0-301F-11D3-BF4B-00C04F79EFBC}") = "BikeStore", "BikeStore\BikeStore.csproj", "{A9E41F7D-CB53-4852-A229-F212178B8614}"
EndProject
Global
	GlobalSection(SolutionConfigurationPlatforms) = preSolution
		Debug|Any CPU = Debug|Any CPU
		Release|Any CPU = Release|Any CPU
	EndGlobalSection
	GlobalSection(ProjectConfigurationPlatforms) = postSolution
		{A9E41F7D-CB53-4852-A229-F212178B8614}.Debug|Any CPU.ActiveCfg = Debug|Any CPU
		{A9E41F7D-CB53-4852-A229-F212178B8614}.Debug|Any CPU.Build.0 = Debug|Any CPU
		{A9E41F7D-CB53-4852-A229-F212178B8614}.Release|Any CPU.ActiveCfg = Release|Any CPU
		{A9E41F7D-CB53-4852-A229-F212178B8614}.Release|Any CPU.Build.0 = Release|Any CPU
	EndGlobalSection
	GlobalSection(SolutionProperties) = preSolution
		HideSolutionNode = FALSE
	EndGlobalSection
	GlobalSection(ExtensibilityGlobals) = postSolution
		SolutionGuid = {C223A758-C20E-4C17-B0AD-1AA95A7A7BFD}
	EndGlobalSection
EndGlobal
